{
  "requires": true,
  "lockfileVersion": 1,
  "dependencies": {
    "string-similarity": {
      "version": "4.0.2",
      "resolved": "https://registry.npmjs.org/string-similarity/-/string-similarity-4.0.2.tgz",
      "integrity": "sha512-eCsPPyoQBgY4TMpVD6DVfO7pLrimUONriaO4Xjp3WPUW0YnNLqdHgRj23xotLlqrL90eJhBeq3zdAJf2mQgfBQ=="
    }
  }
}
